
Microsoft Visual Studio Solution File, Format Version 12.00
# Visual Studio Version 17
VisualStudioVersion = 17.12.35707.178
MinimumVisualStudioVersion = 10.0.40219.1
Project("{8BC9CEB8-8B4A-11D0-8D11-00A0C91BC942}") = "DataContainers", "DataContainers\DataContainers.vcxproj", "{827808D2-74E2-47E2-B509-BC18B0CAF725}"
EndProject
Project("{8BC9CEB8-8B4A-11D0-8D11-00A0C91BC942}") = "ForwardList", "ForwardList\ForwardList.vcxproj", "{D316DDE2-24FD-4A86-B026-734CC0767767}"
EndProject
Project("{8BC9CEB8-8B4A-11D0-8D11-00A0C91BC942}") = "ListHW", "ListHW\ListHW.vcxproj", "{31C8C735-7FA3-4EFC-8F0E-9660E582D265}"
EndProject
Project("{8BC9CEB8-8B4A-11D0-8D11-00A0C91BC942}") = "List", "List\List.vcxproj", "{6B66A680-6CCA-4ADB-85C9-FC8A7947F02D}"
EndProject
Global
	GlobalSection(SolutionConfigurationPlatforms) = preSolution
		Debug|x64 = Debug|x64
		Debug|x86 = Debug|x86
		Release|x64 = Release|x64
		Release|x86 = Release|x86
	EndGlobalSection
	GlobalSection(ProjectConfigurationPlatforms) = postSolution
		{827808D2-74E2-47E2-B509-BC18B0CAF725}.Debug|x64.ActiveCfg = Debug|x64
		{827808D2-74E2-47E2-B509-BC18B0CAF725}.Debug|x64.Build.0 = Debug|x64
		{827808D2-74E2-47E2-B509-BC18B0CAF725}.Debug|x86.ActiveCfg = Debug|Win32
		{827808D2-74E2-47E2-B509-BC18B0CAF725}.Debug|x86.Build.0 = Debug|Win32
		{827808D2-74E2-47E2-B509-BC18B0CAF725}.Release|x64.ActiveCfg = Release|x64
		{827808D2-74E2-47E2-B509-BC18B0CAF725}.Release|x64.Build.0 = Release|x64
		{827808D2-74E2-47E2-B509-BC18B0CAF725}.Release|x86.ActiveCfg = Release|Win32
		{827808D2-74E2-47E2-B509-BC18B0CAF725}.Release|x86.Build.0 = Release|Win32
		{D316DDE2-24FD-4A86-B026-734CC0767767}.Debug|x64.ActiveCfg = Debug|x64
		{D316DDE2-24FD-4A86-B026-734CC0767767}.Debug|x64.Build.0 = Debug|x64
		{D316DDE2-24FD-4A86-B026-734CC0767767}.Debug|x86.ActiveCfg = Debug|Win32
		{D316DDE2-24FD-4A86-B026-734CC0767767}.Debug|x86.Build.0 = Debug|Win32
		{D316DDE2-24FD-4A86-B026-734CC0767767}.Release|x64.ActiveCfg = Release|x64
		{D316DDE2-24FD-4A86-B026-734CC0767767}.Release|x64.Build.0 = Release|x64
		{D316DDE2-24FD-4A86-B026-734CC0767767}.Release|x86.ActiveCfg = Release|Win32
		{D316DDE2-24FD-4A86-B026-734CC0767767}.Release|x86.Build.0 = Release|Win32
		{31C8C735-7FA3-4EFC-8F0E-9660E582D265}.Debug|x64.ActiveCfg = Debug|x64
		{31C8C735-7FA3-4EFC-8F0E-9660E582D265}.Debug|x64.Build.0 = Debug|x64
		{31C8C735-7FA3-4EFC-8F0E-9660E582D265}.Debug|x86.ActiveCfg = Debug|Win32
		{31C8C735-7FA3-4EFC-8F0E-9660E582D265}.Debug|x86.Build.0 = Debug|Win32
		{31C8C735-7FA3-4EFC-8F0E-9660E582D265}.Release|x64.ActiveCfg = Release|x64
		{31C8C735-7FA3-4EFC-8F0E-9660E582D265}.Release|x64.Build.0 = Release|x64
		{31C8C735-7FA3-4EFC-8F0E-9660E582D265}.Release|x86.ActiveCfg = Release|Win32
		{31C8C735-7FA3-4EFC-8F0E-9660E582D265}.Release|x86.Build.0 = Release|Win32
		{6B66A680-6CCA-4ADB-85C9-FC8A7947F02D}.Debug|x64.ActiveCfg = Debug|x64
		{6B66A680-6CCA-4ADB-85C9-FC8A7947F02D}.Debug|x64.Build.0 = Debug|x64
		{6B66A680-6CCA-4ADB-85C9-FC8A7947F02D}.Debug|x86.ActiveCfg = Debug|Win32
		{6B66A680-6CCA-4ADB-85C9-FC8A7947F02D}.Debug|x86.Build.0 = Debug|Win32
		{6B66A680-6CCA-4ADB-85C9-FC8A7947F02D}.Release|x64.ActiveCfg = Release|x64
		{6B66A680-6CCA-4ADB-85C9-FC8A7947F02D}.Release|x64.Build.0 = Release|x64
		{6B66A680-6CCA-4ADB-85C9-FC8A7947F02D}.Release|x86.ActiveCfg = Release|Win32
		{6B66A680-6CCA-4ADB-85C9-FC8A7947F02D}.Release|x86.Build.0 = Release|Win32
	EndGlobalSection
	GlobalSection(SolutionProperties) = preSolution
		HideSolutionNode = FALSE
	EndGlobalSection
EndGlobal
